
Microsoft Visual Studio Solution File, Format Version 12.00
# Visual Studio Version 17
VisualStudioVersion = 17.0.31903.59
MinimumVisualStudioVersion = 10.0.40219.1
Project("{FAE04EC0-301F-11D3-BF4B-00C04F79EFBC}") = "AuthService", "AuthService\AuthService.csproj", "{DA32B434-5F23-4A8B-8DD2-FBA65953FFEE}"
EndProject
Project("{FAE04EC0-301F-11D3-BF4B-00C04F79EFBC}") = "LogManagementService", "LogManagementService\LogManagementService.csproj", "{F5275D33-2255-4C27-91C9-211ECE927D3A}"
EndProject
Global
	GlobalSection(SolutionConfigurationPlatforms) = preSolution
		Debug|Any CPU = Debug|Any CPU
		Release|Any CPU = Release|Any CPU
	EndGlobalSection
	GlobalSection(SolutionProperties) = preSolution
		HideSolutionNode = FALSE
	EndGlobalSection
	GlobalSection(ProjectConfigurationPlatforms) = postSolution
		{DA32B434-5F23-4A8B-8DD2-FBA65953FFEE}.Debug|Any CPU.ActiveCfg = Debug|Any CPU
		{DA32B434-5F23-4A8B-8DD2-FBA65953FFEE}.Debug|Any CPU.Build.0 = Debug|Any CPU
		{DA32B434-5F23-4A8B-8DD2-FBA65953FFEE}.Release|Any CPU.ActiveCfg = Release|Any CPU
		{DA32B434-5F23-4A8B-8DD2-FBA65953FFEE}.Release|Any CPU.Build.0 = Release|Any CPU
		{F5275D33-2255-4C27-91C9-211ECE927D3A}.Debug|Any CPU.ActiveCfg = Debug|Any CPU
		{F5275D33-2255-4C27-91C9-211ECE927D3A}.Debug|Any CPU.Build.0 = Debug|Any CPU
		{F5275D33-2255-4C27-91C9-211ECE927D3A}.Release|Any CPU.ActiveCfg = Release|Any CPU
		{F5275D33-2255-4C27-91C9-211ECE927D3A}.Release|Any CPU.Build.0 = Release|Any CPU
	EndGlobalSection
EndGlobal
